PODS:
  - FullMaterialLoader (0.2.2)

DEPENDENCIES:
  - FullMaterialLoader (from `../`)

EXTERNAL SOURCES:
  FullMaterialLoader:
    :path: "../"

SPEC CHECKSUMS:
  FullMaterialLoader: 6c09e77bf374412a0ecfd443878936afd0443922

PODFILE CHECKSUM: c9410890431ddd3aec2af51233dbb496b591d89d

COCOAPODS: 1.5.3
