PODS:
  - FullMaterialLoader (0.2.3)

DEPENDENCIES:
  - FullMaterialLoader (from `../`)

EXTERNAL SOURCES:
  FullMaterialLoader:
    :path: "../"

SPEC CHECKSUMS:
  FullMaterialLoader: 5b90c2d719e8c7a668fa2e1b8ffb22db1fb32d33

PODFILE CHECKSUM: c9410890431ddd3aec2af51233dbb496b591d89d

COCOAPODS: 1.5.3
